
Microsoft Visual Studio Solution File, Format Version 12.00
# Visual Studio Version 17
VisualStudioVersion = 17.7.34202.233
MinimumVisualStudioVersion = 10.0.40219.1
Project("{FAE04EC0-301F-11D3-BF4B-00C04F79EFBC}") = "Командна розробка Task Master", "Командна розробка Task Master\Командна розробка Task Master.csproj", "{3DCE7B7E-F142-4019-A9EF-35D5689BAEE8}"
EndProject
Global
	GlobalSection(SolutionConfigurationPlatforms) = preSolution
		Debug|Any CPU = Debug|Any CPU
		Release|Any CPU = Release|Any CPU
	EndGlobalSection
	GlobalSection(ProjectConfigurationPlatforms) = postSolution
		{3DCE7B7E-F142-4019-A9EF-35D5689BAEE8}.Debug|Any CPU.ActiveCfg = Debug|Any CPU
		{3DCE7B7E-F142-4019-A9EF-35D5689BAEE8}.Debug|Any CPU.Build.0 = Debug|Any CPU
		{3DCE7B7E-F142-4019-A9EF-35D5689BAEE8}.Release|Any CPU.ActiveCfg = Release|Any CPU
		{3DCE7B7E-F142-4019-A9EF-35D5689BAEE8}.Release|Any CPU.Build.0 = Release|Any CPU
	EndGlobalSection
	GlobalSection(SolutionProperties) = preSolution
		HideSolutionNode = FALSE
	EndGlobalSection
	GlobalSection(ExtensibilityGlobals) = postSolution
		SolutionGuid = {D21F2B7D-223E-4A21-9BCA-3D2CBAAAE245}
	EndGlobalSection
EndGlobal
